// !$*UTF8*$!
{
	archiveVersion = 1;
	classes = {
	};
	objectVersion = 46;
	objects = {

/* Begin PBXBuildFile section */
		F231D37E1963925800AF0190 /* AddBookViewController.swift in Sources */ = {isa = PBXBuildFile; fileRef = F231D37D1963925800AF0190 /* AddBookViewController.swift */; };
		F2A292741956C62E0035F8DB /* AppDelegate.swift in Sources */ = {isa = PBXBuildFile; fileRef = F2A292731956C62E0035F8DB /* AppDelegate.swift */; };
		F2A292791956C62E0035F8DB /* Main.storyboard in Resources */ = {isa = PBXBuildFile; fileRef = F2A292771956C62E0035F8DB /* Main.storyboard */; };
		F2A2927B1956C62E0035F8DB /* Images.xcassets in Resources */ = {isa = PBXBuildFile; fileRef = F2A2927A1956C62E0035F8DB /* Images.xcassets */; };
		F2A292871956C62E0035F8DB /* CodingChallengePart3Tests.swift in Sources */ = {isa = PBXBuildFile; fileRef = F2A292861956C62E0035F8DB /* CodingChallengePart3Tests.swift */; };
		F2A292911956C7430035F8DB /* LibraryTableViewController.swift in Sources */ = {isa = PBXBuildFile; fileRef = F2A292901956C7430035F8DB /* LibraryTableViewController.swift */; };
		F2A292931956C7600035F8DB /* ShelfTableViewController.swift in Sources */ = {isa = PBXBuildFile; fileRef = F2A292921956C7600035F8DB /* ShelfTableViewController.swift */; };
		F2A292951956C7750035F8DB /* BookTableViewController.swift in Sources */ = {isa = PBXBuildFile; fileRef = F2A292941956C7750035F8DB /* BookTableViewController.swift */; };
		F2A292991956C7BD0035F8DB /* Book.swift in Sources */ = {isa = PBXBuildFile; fileRef = F2A292981956C7BD0035F8DB /* Book.swift */; };
		F2A2929B1956C7C90035F8DB /* Shelf.swift in Sources */ = {isa = PBXBuildFile; fileRef = F2A2929A1956C7C90035F8DB /* Shelf.swift */; };
		F2A2929E1956C7E30035F8DB /* Library.swift in Sources */ = {isa = PBXBuildFile; fileRef = F2A2929D1956C7E30035F8DB /* Library.swift */; };
		F2BC63A31963C9DF00BBA80C /* AddShelfViewController.swift in Sources */ = {isa = PBXBuildFile; fileRef = F2BC63A21963C9DF00BBA80C /* AddShelfViewController.swift */; };
		F2DE47BE1957A1A500FEE13D /* EditBookViewController.swift in Sources */ = {isa = PBXBuildFile; fileRef = F2DE47BD1957A1A500FEE13D /* EditBookViewController.swift */; };
		F2F6A9521963CC6400F0365E /* AddLibraryViewController.swift in Sources */ = {isa = PBXBuildFile; fileRef = F2F6A9511963CC6400F0365E /* AddLibraryViewController.swift */; };
/* End PBXBuildFile section */

/* Begin PBXContainerItemProxy section */
		F2A292811956C62E0035F8DB /* PBXContainerItemProxy */ = {
			isa = PBXContainerItemProxy;
			containerPortal = F2A292661956C62E0035F8DB /* Project object */;
			proxyType = 1;
			remoteGlobalIDString = F2A2926D1956C62E0035F8DB;
			remoteInfo = CodingChallengePart3;
		};
/* End PBXContainerItemProxy section */

/* Begin PBXFileReference section */
		F231D37D1963925800AF0190 /* AddBookViewController.swift */ = {isa = PBXFileReference; fileEncoding = 4; lastKnownFileType = sourcecode.swift; path = AddBookViewController.swift; sourceTree = "<group>"; };
		F2A2926E1956C62E0035F8DB /* CodingChallengePart3.app */ = {isa = PBXFileReference; explicitFileType = wrapper.application; includeInIndex = 0; path = CodingChallengePart3.app; sourceTree = BUILT_PRODUCTS_DIR; };
		F2A292721956C62E0035F8DB /* Info.plist */ = {isa = PBXFileReference; lastKnownFileType = text.plist.xml; path = Info.plist; sourceTree = "<group>"; };
		F2A292731956C62E0035F8DB /* AppDelegate.swift */ = {isa = PBXFileReference; lastKnownFileType = sourcecode.swift; path = AppDelegate.swift; sourceTree = "<group>"; };
		F2A292781956C62E0035F8DB /* Base */ = {isa = PBXFileReference; lastKnownFileType = file.storyboard; name = Base; path = Base.lproj/Main.storyboard; sourceTree = "<group>"; };
		F2A2927A1956C62E0035F8DB /* Images.xcassets */ = {isa = PBXFileReference; lastKnownFileType = folder.assetcatalog; path = Images.xcassets; sourceTree = "<group>"; };
		F2A292801956C62E0035F8DB /* CodingChallengePart3Tests.xctest */ = {isa = PBXFileReference; explicitFileType = wrapper.cfbundle; includeInIndex = 0; path = CodingChallengePart3Tests.xctest; sourceTree = BUILT_PRODUCTS_DIR; };
		F2A292851956C62E0035F8DB /* Info.plist */ = {isa = PBXFileReference; lastKnownFileType = text.plist.xml; path = Info.plist; sourceTree = "<group>"; };
		F2A292861956C62E0035F8DB /* CodingChallengePart3Tests.swift */ = {isa = PBXFileReference; lastKnownFileType = sourcecode.swift; path = CodingChallengePart3Tests.swift; sourceTree = "<group>"; };
		F2A292901956C7430035F8DB /* LibraryTableViewController.swift */ = {isa = PBXFileReference; fileEncoding = 4; lastKnownFileType = sourcecode.swift; path = LibraryTableViewController.swift; sourceTree = "<group>"; };
		F2A292921956C7600035F8DB /* ShelfTableViewController.swift */ = {isa = PBXFileReference; fileEncoding = 4; lastKnownFileType = sourcecode.swift; path = ShelfTableViewController.swift; sourceTree = "<group>"; };
		F2A292941956C7750035F8DB /* BookTableViewController.swift */ = {isa = PBXFileReference; fileEncoding = 4; lastKnownFileType = sourcecode.swift; path = BookTableViewController.swift; sourceTree = "<group>"; };
		F2A292981956C7BD0035F8DB /* Book.swift */ = {isa = PBXFileReference; fileEncoding = 4; lastKnownFileType = sourcecode.swift; path = Book.swift; sourceTree = "<group>"; };
		F2A2929A1956C7C90035F8DB /* Shelf.swift */ = {isa = PBXFileReference; fileEncoding = 4; lastKnownFileType = sourcecode.swift; path = Shelf.swift; sourceTree = "<group>"; };
		F2A2929D1956C7E30035F8DB /* Library.swift */ = {isa = PBXFileReference; fileEncoding = 4; lastKnownFileType = sourcecode.swift; path = Library.swift; sourceTree = "<group>"; };
		F2BC63A21963C9DF00BBA80C /* AddShelfViewController.swift */ = {isa = PBXFileReference; fileEncoding = 4; lastKnownFileType = sourcecode.swift; path = AddShelfViewController.swift; sourceTree = "<group>"; };
		F2DE47BD1957A1A500FEE13D /* EditBookViewController.swift */ = {isa = PBXFileReference; fileEncoding = 4; lastKnownFileType = sourcecode.swift; path = EditBookViewController.swift; sourceTree = "<group>"; };
		F2F6A9511963CC6400F0365E /* AddLibraryViewController.swift */ = {isa = PBXFileReference; fileEncoding = 4; lastKnownFileType = sourcecode.swift; path = AddLibraryViewController.swift; sourceTree = "<group>"; };
/* End PBXFileReference section */

/* Begin PBXFrameworksBuildPhase section */
		F2A2926B1956C62E0035F8DB /* Frameworks */ = {
			isa = PBXFrameworksBuildPhase;
			buildActionMask = 2147483647;
			files = (
			);
			runOnlyForDeploymentPostprocessing = 0;
		};
		F2A2927D1956C62E0035F8DB /* Frameworks */ = {
			isa = PBXFrameworksBuildPhase;
			buildActionMask = 2147483647;
			files = (
			);
			runOnlyForDeploymentPostprocessing = 0;
		};
/* End PBXFrameworksBuildPhase section */

/* Begin PBXGroup section */
		F2A292651956C62E0035F8DB = {
			isa = PBXGroup;
			children = (
				F2A292701956C62E0035F8DB /* CodingChallengePart3 */,
				F2A292831956C62E0035F8DB /* CodingChallengePart3Tests */,
				F2A2926F1956C62E0035F8DB /* Products */,
			);
			sourceTree = "<group>";
		};
		F2A2926F1956C62E0035F8DB /* Products */ = {
			isa = PBXGroup;
			children = (
				F2A2926E1956C62E0035F8DB /* CodingChallengePart3.app */,
				F2A292801956C62E0035F8DB /* CodingChallengePart3Tests.xctest */,
			);
			name = Products;
			sourceTree = "<group>";
		};
		F2A292701956C62E0035F8DB /* CodingChallengePart3 */ = {
			isa = PBXGroup;
			children = (
				F2A2929C1956C7CE0035F8DB /* Models */,
				F2A292971956C79D0035F8DB /* Views */,
				F2A292961956C7830035F8DB /* Controllers */,
				F2A2927A1956C62E0035F8DB /* Images.xcassets */,
				F2A292711956C62E0035F8DB /* Supporting Files */,
			);
			path = CodingChallengePart3;
			sourceTree = "<group>";
		};
		F2A292711956C62E0035F8DB /* Supporting Files */ = {
			isa = PBXGroup;
			children = (
				F2A292731956C62E0035F8DB /* AppDelegate.swift */,
				F2A292721956C62E0035F8DB /* Info.plist */,
			);
			name = "Supporting Files";
			sourceTree = "<group>";
		};
		F2A292831956C62E0035F8DB /* CodingChallengePart3Tests */ = {
			isa = PBXGroup;
			children = (
				F2A292861956C62E0035F8DB /* CodingChallengePart3Tests.swift */,
				F2A292841956C62E0035F8DB /* Supporting Files */,
			);
			path = CodingChallengePart3Tests;
			sourceTree = "<group>";
		};
		F2A292841956C62E0035F8DB /* Supporting Files */ = {
			isa = PBXGroup;
			children = (
				F2A292851956C62E0035F8DB /* Info.plist */,
			);
			name = "Supporting Files";
			sourceTree = "<group>";
		};
		F2A292961956C7830035F8DB /* Controllers */ = {
			isa = PBXGroup;
			children = (
				F2A292901956C7430035F8DB /* LibraryTableViewController.swift */,
				F2F6A9511963CC6400F0365E /* AddLibraryViewController.swift */,
				F2A292921956C7600035F8DB /* ShelfTableViewController.swift */,
				F2BC63A21963C9DF00BBA80C /* AddShelfViewController.swift */,
				F2A292941956C7750035F8DB /* BookTableViewController.swift */,
				F2DE47BD1957A1A500FEE13D /* EditBookViewController.swift */,
				F231D37D1963925800AF0190 /* AddBookViewController.swift */,
			);
			name = Controllers;
			path = ..;
			sourceTree = "<group>";
		};
		F2A292971956C79D0035F8DB /* Views */ = {
			isa = PBXGroup;
			children = (
				F2A292771956C62E0035F8DB /* Main.storyboard */,
			);
			name = Views;
			sourceTree = "<group>";
		};
		F2A2929C1956C7CE0035F8DB /* Models */ = {
			isa = PBXGroup;
			children = (
				F2A2929D1956C7E30035F8DB /* Library.swift */,
				F2A2929A1956C7C90035F8DB /* Shelf.swift */,
				F2A292981956C7BD0035F8DB /* Book.swift */,
			);
			name = Models;
			sourceTree = "<group>";
		};
/* End PBXGroup section */

/* Begin PBXNativeTarget section */
		F2A2926D1956C62E0035F8DB /* CodingChallengePart3 */ = {
			isa = PBXNativeTarget;
			buildConfigurationList = F2A2928A1956C62E0035F8DB /* Build configuration list for PBXNativeTarget "CodingChallengePart3" */;
			buildPhases = (
				F2A2926A1956C62E0035F8DB /* Sources */,
				F2A2926B1956C62E0035F8DB /* Frameworks */,
				F2A2926C1956C62E0035F8DB /* Resources */,
			);
			buildRules = (
			);
			dependencies = (
			);
			name = CodingChallengePart3;
			productName = CodingChallengePart3;
			productReference = F2A2926E1956C62E0035F8DB /* CodingChallengePart3.app */;
			productType = "com.apple.product-type.application";
		};
		F2A2927F1956C62E0035F8DB /* CodingChallengePart3Tests */ = {
			isa = PBXNativeTarget;
			buildConfigurationList = F2A2928D1956C62E0035F8DB /* Build configuration list for PBXNativeTarget "CodingChallengePart3Tests" */;
			buildPhases = (
				F2A2927C1956C62E0035F8DB /* Sources */,
				F2A2927D1956C62E0035F8DB /* Frameworks */,
				F2A2927E1956C62E0035F8DB /* Resources */,
			);
			buildRules = (
			);
			dependencies = (
				F2A292821956C62E0035F8DB /* PBXTargetDependency */,
			);
			name = CodingChallengePart3Tests;
			productName = CodingChallengePart3Tests;
			productReference = F2A292801956C62E0035F8DB /* CodingChallengePart3Tests.xctest */;
			productType = "com.apple.product-type.bundle.unit-test";
		};
/* End PBXNativeTarget section */

/* Begin PBXProject section */
		F2A292661956C62E0035F8DB /* Project object */ = {
			isa = PBXProject;
			attributes = {
				LastUpgradeCheck = 0600;
				ORGANIZATIONNAME = "Michael Tirenin";
				TargetAttributes = {
					F2A2926D1956C62E0035F8DB = {
						CreatedOnToolsVersion = 6.0;
						DevelopmentTeam = C65MMLEB3C;
					};
					F2A2927F1956C62E0035F8DB = {
						CreatedOnToolsVersion = 6.0;
						TestTargetID = F2A2926D1956C62E0035F8DB;
					};
				};
			};
			buildConfigurationList = F2A292691956C62E0035F8DB /* Build configuration list for PBXProject "CodingChallengePart3" */;
			compatibilityVersion = "Xcode 3.2";
			developmentRegion = English;
			hasScannedForEncodings = 0;
			knownRegions = (
				en,
				Base,
			);
			mainGroup = F2A292651956C62E0035F8DB;
			productRefGroup = F2A2926F1956C62E0035F8DB /* Products */;
			projectDirPath = "";
			projectRoot = "";
			targets = (
				F2A2926D1956C62E0035F8DB /* CodingChallengePart3 */,
				F2A2927F1956C62E0035F8DB /* CodingChallengePart3Tests */,
			);
		};
/* End PBXProject section */

/* Begin PBXResourcesBuildPhase section */
		F2A2926C1956C62E0035F8DB /* Resources */ = {
			isa = PBXResourcesBuildPhase;
			buildActionMask = 2147483647;
			files = (
				F2A292791956C62E0035F8DB /* Main.storyboard in Resources */,
				F2A2927B1956C62E0035F8DB /* Images.xcassets in Resources */,
			);
			runOnlyForDeploymentPostprocessing = 0;
		};
		F2A2927E1956C62E0035F8DB /* Resources */ = {
			isa = PBXResourcesBuildPhase;
			buildActionMask = 2147483647;
			files = (
			);
			runOnlyForDeploymentPostprocessing = 0;
		};
/* End PBXResourcesBuildPhase section */

/* Begin PBXSourcesBuildPhase section */
		F2A2926A1956C62E0035F8DB /* Sources */ = {
			isa = PBXSourcesBuildPhase;
			buildActionMask = 2147483647;
			files = (
				F2A2929B1956C7C90035F8DB /* Shelf.swift in Sources */,
				F2F6A9521963CC6400F0365E /* AddLibraryViewController.swift in Sources */,
				F2A2929E1956C7E30035F8DB /* Library.swift in Sources */,
				F2A292951956C7750035F8DB /* BookTableViewController.swift in Sources */,
				F2A292911956C7430035F8DB /* LibraryTableViewController.swift in Sources */,
				F2A292931956C7600035F8DB /* ShelfTableViewController.swift in Sources */,
				F2BC63A31963C9DF00BBA80C /* AddShelfViewController.swift in Sources */,
				F2A292991956C7BD0035F8DB /* Book.swift in Sources */,
				F2A292741956C62E0035F8DB /* AppDelegate.swift in Sources */,
				F231D37E1963925800AF0190 /* AddBookViewController.swift in Sources */,
				F2DE47BE1957A1A500FEE13D /* EditBookViewController.swift in Sources */,
			);
			runOnlyForDeploymentPostprocessing = 0;
		};
		F2A2927C1956C62E0035F8DB /* Sources */ = {
			isa = PBXSourcesBuildPhase;
			buildActionMask = 2147483647;
			files = (
				F2A292871956C62E0035F8DB /* CodingChallengePart3Tests.swift in Sources */,
			);
			runOnlyForDeploymentPostprocessing = 0;
		};
/* End PBXSourcesBuildPhase section */

/* Begin PBXTargetDependency section */
		F2A292821956C62E0035F8DB /* PBXTargetDependency */ = {
			isa = PBXTargetDependency;
			target = F2A2926D1956C62E0035F8DB /* CodingChallengePart3 */;
			targetProxy = F2A292811956C62E0035F8DB /* PBXContainerItemProxy */;
		};
/* End PBXTargetDependency section */

/* Begin PBXVariantGroup section */
		F2A292771956C62E0035F8DB /* Main.storyboard */ = {
			isa = PBXVariantGroup;
			children = (
				F2A292781956C62E0035F8DB /* Base */,
			);
			name = Main.storyboard;
			sourceTree = "<group>";
		};
/* End PBXVariantGroup section */

/* Begin XCBuildConfiguration section */
		F2A292881956C62E0035F8DB /* Debug */ = {
			isa = XCBuildConfiguration;
			buildSettings = {
				ALWAYS_SEARCH_USER_PATHS = NO;
				CLANG_CXX_LANGUAGE_STANDARD = "gnu++0x";
				CLANG_CXX_LIBRARY = "libc++";
				CLANG_ENABLE_MODULES = YES;
				CLANG_ENABLE_OBJC_ARC = YES;
				CLANG_WARN_BOOL_CONVERSION = YES;
				CLANG_WARN_CONSTANT_CONVERSION = YES;
				CLANG_WARN_DIRECT_OBJC_ISA_USAGE = YES_ERROR;
				CLANG_WARN_EMPTY_BODY = YES;
				CLANG_WARN_ENUM_CONVERSION = YES;
				CLANG_WARN_INT_CONVERSION = YES;
				CLANG_WARN_OBJC_ROOT_CLASS = YES_ERROR;
				CLANG_WARN_UNREACHABLE_CODE = YES;
				CLANG_WARN__DUPLICATE_METHOD_MATCH = YES;
				"CODE_SIGN_IDENTITY[sdk=iphoneos*]" = "iPhone Developer";
				COPY_PHASE_STRIP = NO;
				ENABLE_STRICT_OBJC_MSGSEND = YES;
				GCC_C_LANGUAGE_STANDARD = gnu99;
				GCC_DYNAMIC_NO_PIC = NO;
				GCC_OPTIMIZATION_LEVEL = 0;
				GCC_PREPROCESSOR_DEFINITIONS = (
					"DEBUG=1",
					"$(inherited)",
				);
				GCC_SYMBOLS_PRIVATE_EXTERN = NO;
				GCC_WARN_64_TO_32_BIT_CONVERSION = YES;
				GCC_WARN_ABOUT_RETURN_TYPE = YES_ERROR;
				GCC_WARN_UNDECLARED_SELECTOR = YES;
				GCC_WARN_UNINITIALIZED_AUTOS = YES_AGGRESSIVE;
				GCC_WARN_UNUSED_FUNCTION = YES;
				GCC_WARN_UNUSED_VARIABLE = YES;
				IPHONEOS_DEPLOYMENT_TARGET = 8.0;
				METAL_ENABLE_DEBUG_INFO = YES;
				ONLY_ACTIVE_ARCH = YES;
				SDKROOT = iphoneos;
				SWIFT_OPTIMIZATION_LEVEL = "-Onone";
			};
			name = Debug;
		};
		F2A292891956C62E0035F8DB /* Release */ = {
			isa = XCBuildConfiguration;
			buildSettings = {
				ALWAYS_SEARCH_USER_PATHS = NO;
				CLANG_CXX_LANGUAGE_STANDARD = "gnu++0x";
				CLANG_CXX_LIBRARY = "libc++";
				CLANG_ENABLE_MODULES = YES;
				CLANG_ENABLE_OBJC_ARC = YES;
				CLANG_WARN_BOOL_CONVERSION = YES;
				CLANG_WARN_CONSTANT_CONVERSION = YES;
				CLANG_WARN_DIRECT_OBJC_ISA_USAGE = YES_ERROR;
				CLANG_WARN_EMPTY_BODY = YES;
				CLANG_WARN_ENUM_CONVERSION = YES;
				CLANG_WARN_INT_CONVERSION = YES;
				CLANG_WARN_OBJC_ROOT_CLASS = YES_ERROR;
				CLANG_WARN_UNREACHABLE_CODE = YES;
				CLANG_WARN__DUPLICATE_METHOD_MATCH = YES;
				"CODE_SIGN_IDENTITY[sdk=iphoneos*]" = "iPhone Developer";
				COPY_PHASE_STRIP = YES;
				ENABLE_NS_ASSERTIONS = NO;
				ENABLE_STRICT_OBJC_MSGSEND = YES;
				GCC_C_LANGUAGE_STANDARD = gnu99;
				GCC_WARN_64_TO_32_BIT_CONVERSION = YES;
				GCC_WARN_ABOUT_RETURN_TYPE = YES_ERROR;
				GCC_WARN_UNDECLARED_SELECTOR = YES;
				GCC_WARN_UNINITIALIZED_AUTOS = YES_AGGRESSIVE;
				GCC_WARN_UNUSED_FUNCTION = YES;
				GCC_WARN_UNUSED_VARIABLE = YES;
				IPHONEOS_DEPLOYMENT_TARGET = 8.0;
				METAL_ENABLE_DEBUG_INFO = NO;
				SDKROOT = iphoneos;
				VALIDATE_PRODUCT = YES;
			};
			name = Release;
		};
		F2A2928B1956C62E0035F8DB /* Debug */ = {
			isa = XCBuildConfiguration;
			buildSettings = {
				ASSETCATALOG_COMPILER_APPICON_NAME = AppIcon;
				ASSETCATALOG_COMPILER_LAUNCHIMAGE_NAME = LaunchImage;
				CODE_SIGN_IDENTITY = "iPhone Developer";
				INFOPLIST_FILE = CodingChallengePart3/Info.plist;
				LD_RUNPATH_SEARCH_PATHS = "$(inherited) @executable_path/Frameworks";
				PRODUCT_NAME = CodingChallengePart3;
			};
			name = Debug;
		};
		F2A2928C1956C62E0035F8DB /* Release */ = {
			isa = XCBuildConfiguration;
			buildSettings = {
				ASSETCATALOG_COMPILER_APPICON_NAME = AppIcon;
				ASSETCATALOG_COMPILER_LAUNCHIMAGE_NAME = LaunchImage;
				CODE_SIGN_IDENTITY = "iPhone Developer";
				INFOPLIST_FILE = CodingChallengePart3/Info.plist;
				LD_RUNPATH_SEARCH_PATHS = "$(inherited) @executable_path/Frameworks";
				PRODUCT_NAME = CodingChallengePart3;
			};
			name = Release;
		};
		F2A2928E1956C62E0035F8DB /* Debug */ = {
			isa = XCBuildConfiguration;
			buildSettings = {
				BUNDLE_LOADER = "$(BUILT_PRODUCTS_DIR)/CodingChallengePart3.app/CodingChallengePart3";
				FRAMEWORK_SEARCH_PATHS = (
					"$(SDKROOT)/Developer/Library/Frameworks",
					"$(inherited)",
				);
				GCC_PREPROCESSOR_DEFINITIONS = (
					"DEBUG=1",
					"$(inherited)",
				);
				INFOPLIST_FILE = CodingChallengePart3Tests/Info.plist;
				LD_RUNPATH_SEARCH_PATHS = "$(inherited) @executable_path/Frameworks @loader_path/Frameworks";
				METAL_ENABLE_DEBUG_INFO = YES;
				PRODUCT_NAME = CodingChallengePart3Tests;
				TEST_HOST = "$(BUNDLE_LOADER)";
			};
			name = Debug;
		};
		F2A2928F1956C62E0035F8DB /* Release */ = {
			isa = XCBuildConfiguration;
			buildSettings = {
				BUNDLE_LOADER = "$(BUILT_PRODUCTS_DIR)/CodingChallengePart3.app/CodingChallengePart3";
				FRAMEWORK_SEARCH_PATHS = (
					"$(SDKROOT)/Developer/Library/Frameworks",
					"$(inherited)",
				);
				INFOPLIST_FILE = CodingChallengePart3Tests/Info.plist;
				LD_RUNPATH_SEARCH_PATHS = "$(inherited) @executable_path/Frameworks @loader_path/Frameworks";
				METAL_ENABLE_DEBUG_INFO = NO;
				PRODUCT_NAME = CodingChallengePart3Tests;
				TEST_HOST = "$(BUNDLE_LOADER)";
			};
			name = Release;
		};
/* End XCBuildConfiguration section */

/* Begin XCConfigurationList section */
		F2A292691956C62E0035F8DB /* Build configuration list for PBXProject "CodingChallengePart3" */ = {
			isa = XCConfigurationList;
			buildConfigurations = (
				F2A292881956C62E0035F8DB /* Debug */,
				F2A292891956C62E0035F8DB /* Release */,
			);
			defaultConfigurationIsVisible = 0;
			defaultConfigurationName = Release;
		};
		F2A2928A1956C62E0035F8DB /* Build configuration list for PBXNativeTarget "CodingChallengePart3" */ = {
			isa = XCConfigurationList;
			buildConfigurations = (
				F2A2928B1956C62E0035F8DB /* Debug */,
				F2A2928C1956C62E0035F8DB /* Release */,
			);
			defaultConfigurationIsVisible = 0;
			defaultConfigurationName = Release;
		};
		F2A2928D1956C62E0035F8DB /* Build configuration list for PBXNativeTarget "CodingChallengePart3Tests" */ = {
			isa = XCConfigurationList;
			buildConfigurations = (
				F2A2928E1956C62E0035F8DB /* Debug */,
				F2A2928F1956C62E0035F8DB /* Release */,
			);
			defaultConfigurationIsVisible = 0;
			defaultConfigurationName = Release;
		};
/* End XCConfigurationList section */
	};
	rootObject = F2A292661956C62E0035F8DB /* Project object */;
}
